
Microsoft Visual Studio Solution File, Format Version 12.00
# Visual Studio 15
VisualStudioVersion = 15.0.27703.2047
MinimumVisualStudioVersion = 10.0.40219.1
Project("{FAE04EC0-301F-11D3-BF4B-00C04F79EFBC}") = "Ejercicio Base de Datos Clase 22", "Ejercicio Base de Datos Clase 22\Ejercicio Base de Datos Clase 22.csproj", "{EE2A841F-5B91-4150-8ECD-A4472245536C}"
EndProject
Global
	GlobalSection(SolutionConfigurationPlatforms) = preSolution
		Debug|Any CPU = Debug|Any CPU
		Release|Any CPU = Release|Any CPU
	EndGlobalSection
	GlobalSection(ProjectConfigurationPlatforms) = postSolution
		{EE2A841F-5B91-4150-8ECD-A4472245536C}.Debug|Any CPU.ActiveCfg = Debug|Any CPU
		{EE2A841F-5B91-4150-8ECD-A4472245536C}.Debug|Any CPU.Build.0 = Debug|Any CPU
		{EE2A841F-5B91-4150-8ECD-A4472245536C}.Release|Any CPU.ActiveCfg = Release|Any CPU
		{EE2A841F-5B91-4150-8ECD-A4472245536C}.Release|Any CPU.Build.0 = Release|Any CPU
	EndGlobalSection
	GlobalSection(SolutionProperties) = preSolution
		HideSolutionNode = FALSE
	EndGlobalSection
	GlobalSection(ExtensibilityGlobals) = postSolution
		SolutionGuid = {8320E75E-03C3-42D5-9F0F-26BCC72583CF}
	EndGlobalSection
EndGlobal
