
Microsoft Visual Studio Solution File, Format Version 12.00
# Visual Studio 15
VisualStudioVersion = 15.0.27703.2047
MinimumVisualStudioVersion = 10.0.40219.1
Project("{FAE04EC0-301F-11D3-BF4B-00C04F79EFBC}") = "frmCotizacion", "WindowsFormsApp1\frmCotizacion.csproj", "{5E71DF1F-EBED-424B-B4C8-5B40D9683A13}"
EndProject
Global
	GlobalSection(SolutionConfigurationPlatforms) = preSolution
		Debug|Any CPU = Debug|Any CPU
		Release|Any CPU = Release|Any CPU
	EndGlobalSection
	GlobalSection(ProjectConfigurationPlatforms) = postSolution
		{5E71DF1F-EBED-424B-B4C8-5B40D9683A13}.Debug|Any CPU.ActiveCfg = Debug|Any CPU
		{5E71DF1F-EBED-424B-B4C8-5B40D9683A13}.Debug|Any CPU.Build.0 = Debug|Any CPU
		{5E71DF1F-EBED-424B-B4C8-5B40D9683A13}.Release|Any CPU.ActiveCfg = Release|Any CPU
		{5E71DF1F-EBED-424B-B4C8-5B40D9683A13}.Release|Any CPU.Build.0 = Release|Any CPU
	EndGlobalSection
	GlobalSection(SolutionProperties) = preSolution
		HideSolutionNode = FALSE
	EndGlobalSection
	GlobalSection(ExtensibilityGlobals) = postSolution
		SolutionGuid = {F215B909-06CB-40BB-99AC-CB4BB2F48717}
	EndGlobalSection
EndGlobal
