
Microsoft Visual Studio Solution File, Format Version 12.00
# Visual Studio 15
VisualStudioVersion = 15.0.27703.2047
MinimumVisualStudioVersion = 10.0.40219.1
Project("{FAE04EC0-301F-11D3-BF4B-00C04F79EFBC}") = "Entidades", "Entidades\Entidades.csproj", "{241B2956-FFBA-4775-9F79-9DDD50BF60A9}"
EndProject
Project("{FAE04EC0-301F-11D3-BF4B-00C04F79EFBC}") = "ConsolaEstanteria", "ConsolaEstanteria\ConsolaEstanteria.csproj", "{C73AD896-02AF-4349-93ED-59D34C74EC24}"
EndProject
Project("{FAE04EC0-301F-11D3-BF4B-00C04F79EFBC}") = "Generics", "Generics\Generics.csproj", "{B5C869EC-5AE2-4998-AB0B-7260F88225C4}"
EndProject
Global
	GlobalSection(SolutionConfigurationPlatforms) = preSolution
		Debug|Any CPU = Debug|Any CPU
		Release|Any CPU = Release|Any CPU
	EndGlobalSection
	GlobalSection(ProjectConfigurationPlatforms) = postSolution
		{241B2956-FFBA-4775-9F79-9DDD50BF60A9}.Debug|Any CPU.ActiveCfg = Debug|Any CPU
		{241B2956-FFBA-4775-9F79-9DDD50BF60A9}.Debug|Any CPU.Build.0 = Debug|Any CPU
		{241B2956-FFBA-4775-9F79-9DDD50BF60A9}.Release|Any CPU.ActiveCfg = Release|Any CPU
		{241B2956-FFBA-4775-9F79-9DDD50BF60A9}.Release|Any CPU.Build.0 = Release|Any CPU
		{C73AD896-02AF-4349-93ED-59D34C74EC24}.Debug|Any CPU.ActiveCfg = Debug|Any CPU
		{C73AD896-02AF-4349-93ED-59D34C74EC24}.Debug|Any CPU.Build.0 = Debug|Any CPU
		{C73AD896-02AF-4349-93ED-59D34C74EC24}.Release|Any CPU.ActiveCfg = Release|Any CPU
		{C73AD896-02AF-4349-93ED-59D34C74EC24}.Release|Any CPU.Build.0 = Release|Any CPU
		{B5C869EC-5AE2-4998-AB0B-7260F88225C4}.Debug|Any CPU.ActiveCfg = Debug|Any CPU
		{B5C869EC-5AE2-4998-AB0B-7260F88225C4}.Debug|Any CPU.Build.0 = Debug|Any CPU
		{B5C869EC-5AE2-4998-AB0B-7260F88225C4}.Release|Any CPU.ActiveCfg = Release|Any CPU
		{B5C869EC-5AE2-4998-AB0B-7260F88225C4}.Release|Any CPU.Build.0 = Release|Any CPU
	EndGlobalSection
	GlobalSection(SolutionProperties) = preSolution
		HideSolutionNode = FALSE
	EndGlobalSection
	GlobalSection(ExtensibilityGlobals) = postSolution
		SolutionGuid = {C9D93E54-2788-4841-AC04-74DBC819D50A}
	EndGlobalSection
EndGlobal
